
Microsoft Visual Studio Solution File, Format Version 12.00
# Visual Studio 15
VisualStudioVersion = 15.0.27130.2010
MinimumVisualStudioVersion = 10.0.40219.1
Project("{8BC9CEB8-8B4A-11D0-8D11-00A0C91BC942}") = "problem_1", "problem_1.vcxproj", "{1D02DB29-CCE4-4FCC-B6B3-4D532CE834C6}"
EndProject
Global
	GlobalSection(SolutionConfigurationPlatforms) = preSolution
		Debug|x64 = Debug|x64
		Debug|x86 = Debug|x86
		Release|x64 = Release|x64
		Release|x86 = Release|x86
	EndGlobalSection
	GlobalSection(ProjectConfigurationPlatforms) = postSolution
		{1D02DB29-CCE4-4FCC-B6B3-4D532CE834C6}.Debug|x64.ActiveCfg = Debug|x64
		{1D02DB29-CCE4-4FCC-B6B3-4D532CE834C6}.Debug|x64.Build.0 = Debug|x64
		{1D02DB29-CCE4-4FCC-B6B3-4D532CE834C6}.Debug|x86.ActiveCfg = Debug|Win32
		{1D02DB29-CCE4-4FCC-B6B3-4D532CE834C6}.Debug|x86.Build.0 = Debug|Win32
		{1D02DB29-CCE4-4FCC-B6B3-4D532CE834C6}.Release|x64.ActiveCfg = Release|x64
		{1D02DB29-CCE4-4FCC-B6B3-4D532CE834C6}.Release|x64.Build.0 = Release|x64
		{1D02DB29-CCE4-4FCC-B6B3-4D532CE834C6}.Release|x86.ActiveCfg = Release|Win32
		{1D02DB29-CCE4-4FCC-B6B3-4D532CE834C6}.Release|x86.Build.0 = Release|Win32
	EndGlobalSection
	GlobalSection(SolutionProperties) = preSolution
		HideSolutionNode = FALSE
	EndGlobalSection
	GlobalSection(ExtensibilityGlobals) = postSolution
		SolutionGuid = {D32B2510-0AA1-41B7-9ADF-BD0232593D5D}
	EndGlobalSection
EndGlobal
