
Microsoft Visual Studio Solution File, Format Version 12.00
# Visual Studio 15
VisualStudioVersion = 15.0.27130.2010
MinimumVisualStudioVersion = 10.0.40219.1
Project("{8BC9CEB8-8B4A-11D0-8D11-00A0C91BC942}") = "problem_3", "problem_3.vcxproj", "{6F16C9D9-7F89-42FD-8610-2B5C5580775D}"
EndProject
Global
	GlobalSection(SolutionConfigurationPlatforms) = preSolution
		Debug|x64 = Debug|x64
		Debug|x86 = Debug|x86
		Release|x64 = Release|x64
		Release|x86 = Release|x86
	EndGlobalSection
	GlobalSection(ProjectConfigurationPlatforms) = postSolution
		{6F16C9D9-7F89-42FD-8610-2B5C5580775D}.Debug|x64.ActiveCfg = Debug|x64
		{6F16C9D9-7F89-42FD-8610-2B5C5580775D}.Debug|x64.Build.0 = Debug|x64
		{6F16C9D9-7F89-42FD-8610-2B5C5580775D}.Debug|x86.ActiveCfg = Debug|Win32
		{6F16C9D9-7F89-42FD-8610-2B5C5580775D}.Debug|x86.Build.0 = Debug|Win32
		{6F16C9D9-7F89-42FD-8610-2B5C5580775D}.Release|x64.ActiveCfg = Release|x64
		{6F16C9D9-7F89-42FD-8610-2B5C5580775D}.Release|x64.Build.0 = Release|x64
		{6F16C9D9-7F89-42FD-8610-2B5C5580775D}.Release|x86.ActiveCfg = Release|Win32
		{6F16C9D9-7F89-42FD-8610-2B5C5580775D}.Release|x86.Build.0 = Release|Win32
	EndGlobalSection
	GlobalSection(SolutionProperties) = preSolution
		HideSolutionNode = FALSE
	EndGlobalSection
	GlobalSection(ExtensibilityGlobals) = postSolution
		SolutionGuid = {EF0F5736-F85A-4EFF-B3C1-445E4A97637B}
	EndGlobalSection
EndGlobal
